Microsoft Visual Studio Solution File, Format Version 8.00
Project("{FAE04EC0-301F-11D3-BF4B-00C04F79EFBC}") = "bugtracker", "http://localhost/bugtracker/bugtracker.csproj", "{1999512A-7CFD-42CF-99AB-2D6685780816}"
	ProjectSection(ProjectDependencies) = postProject
	EndProjectSection
EndProject
Global
	GlobalSection(SolutionConfiguration) = preSolution
		Debug = Debug
		Release = Release
	EndGlobalSection
	GlobalSection(ProjectConfiguration) = postSolution
		{1999512A-7CFD-42CF-99AB-2D6685780816}.Debug.ActiveCfg = Debug|.NET
		{1999512A-7CFD-42CF-99AB-2D6685780816}.Debug.Build.0 = Debug|.NET
		{1999512A-7CFD-42CF-99AB-2D6685780816}.Release.ActiveCfg = Release|.NET
		{1999512A-7CFD-42CF-99AB-2D6685780816}.Release.Build.0 = Release|.NET
	EndGlobalSection
	GlobalSection(ExtensibilityGlobals) = postSolution
	EndGlobalSection
	GlobalSection(ExtensibilityAddIns) = postSolution
	EndGlobalSection
EndGlobal
